
Microsoft Visual Studio Solution File, Format Version 11.00
# Visual Studio 2010
Project("{FAE04EC0-301F-11D3-BF4B-00C04F79EFBC}") = "Assembly-CSharp", "Assembly-CSharp.csproj", "{705C39A0-9572-C5D9-5699-AA0CCF77D7C9}"
EndProject
Project("{FAE04EC0-301F-11D3-BF4B-00C04F79EFBC}") = "Assembly-CSharp-Editor", "Assembly-CSharp-Editor.csproj", "{7B53EBD8-2761-1DF8-FA73-33A915EB1B98}"
EndProject
Global
	GlobalSection(SolutionConfigurationPlatforms) = preSolution
		Debug|Any CPU = Debug|Any CPU
		Release|Any CPU = Release|Any CPU
	EndGlobalSection
	GlobalSection(ProjectConfigurationPlatforms) = postSolution
		{705C39A0-9572-C5D9-5699-AA0CCF77D7C9}.Debug|Any CPU.ActiveCfg = Debug|Any CPU
		{705C39A0-9572-C5D9-5699-AA0CCF77D7C9}.Debug|Any CPU.Build.0 = Debug|Any CPU
		{705C39A0-9572-C5D9-5699-AA0CCF77D7C9}.Release|Any CPU.ActiveCfg = Release|Any CPU
		{705C39A0-9572-C5D9-5699-AA0CCF77D7C9}.Release|Any CPU.Build.0 = Release|Any CPU
		{7B53EBD8-2761-1DF8-FA73-33A915EB1B98}.Debug|Any CPU.ActiveCfg = Debug|Any CPU
		{7B53EBD8-2761-1DF8-FA73-33A915EB1B98}.Debug|Any CPU.Build.0 = Debug|Any CPU
		{7B53EBD8-2761-1DF8-FA73-33A915EB1B98}.Release|Any CPU.ActiveCfg = Release|Any CPU
		{7B53EBD8-2761-1DF8-FA73-33A915EB1B98}.Release|Any CPU.Build.0 = Release|Any CPU
	EndGlobalSection
	GlobalSection(SolutionProperties) = preSolution
		HideSolutionNode = FALSE
	EndGlobalSection
EndGlobal
